
Microsoft Visual Studio Solution File, Format Version 12.00
# Visual Studio Version 17
VisualStudioVersion = 17.5.2.0
MinimumVisualStudioVersion = 10.0.40219.1
Project("{9A19103F-16F7-4668-BE54-9A1E7A4F7556}") = "IdeaStudio.Website", "IdeaStudio.Website\IdeaStudio.Website.csproj", "{46EFEF6B-F5B9-4BD8-8118-87DE2C65E5EF}"
EndProject
Project("{FAE04EC0-301F-11D3-BF4B-00C04F79EFBC}") = "IdeaStudio.Website.Tests", "IdeaStudio.Website.Tests\IdeaStudio.Website.Tests.csproj", "{A61C0D3D-D710-462D-9E1A-BDC7C12518E6}"
EndProject
Project("{2150E333-8FDC-42A3-9474-1A3956D46DE8}") = "Solution Items", "Solution Items", "{089100B1-113F-4E66-888A-E83F3999EAFD}"
	ProjectSection(SolutionItems) = preProject
		.editorconfig = .editorconfig
	EndProjectSection
EndProject
Global
	GlobalSection(SolutionConfigurationPlatforms) = preSolution
		Debug|Any CPU = Debug|Any CPU
		Release|Any CPU = Release|Any CPU
	EndGlobalSection
	GlobalSection(ProjectConfigurationPlatforms) = postSolution
		{46EFEF6B-F5B9-4BD8-8118-87DE2C65E5EF}.Debug|Any CPU.ActiveCfg = Debug|Any CPU
		{46EFEF6B-F5B9-4BD8-8118-87DE2C65E5EF}.Debug|Any CPU.Build.0 = Debug|Any CPU
		{46EFEF6B-F5B9-4BD8-8118-87DE2C65E5EF}.Release|Any CPU.ActiveCfg = Release|Any CPU
		{46EFEF6B-F5B9-4BD8-8118-87DE2C65E5EF}.Release|Any CPU.Build.0 = Release|Any CPU
		{A61C0D3D-D710-462D-9E1A-BDC7C12518E6}.Debug|Any CPU.ActiveCfg = Debug|Any CPU
		{A61C0D3D-D710-462D-9E1A-BDC7C12518E6}.Debug|Any CPU.Build.0 = Debug|Any CPU
		{A61C0D3D-D710-462D-9E1A-BDC7C12518E6}.Release|Any CPU.ActiveCfg = Release|Any CPU
		{A61C0D3D-D710-462D-9E1A-BDC7C12518E6}.Release|Any CPU.Build.0 = Release|Any CPU
	EndGlobalSection
	GlobalSection(SolutionProperties) = preSolution
		HideSolutionNode = FALSE
	EndGlobalSection
	GlobalSection(ExtensibilityGlobals) = postSolution
		SolutionGuid = {C3A0CE52-0B88-468D-B910-90E1461759D2}
	EndGlobalSection
EndGlobal
